<?xml version="1.0" encoding="utf-8"?>
<Project ToolsVersion="4.0" xmlns="http://schemas.microsoft.com/developer/msbuild/2003">
  <ItemGroup>
    <Filter Include="Jester">
      <UniqueIdentifier>{B278E1BB-9E1A-0C92-87D5-1FE6731693E2}</UniqueIdentifier>
    </Filter>
  </ItemGroup>
  <ItemGroup>
    <ClInclude Include="src\Jester.h" />
    <ClInclude Include="src\Jester\Application.h">
      <Filter>Jester</Filter>
    </ClInclude>
    <ClInclude Include="src\Jester\Core.h">
      <Filter>Jester</Filter>
    </ClInclude>
    <ClInclude Include="src\Jester\EntryPoint.h">
      <Filter>Jester</Filter>
    </ClInclude>
    <ClInclude Include="src\Jester\Log.h">
      <Filter>Jester</Filter>
    </ClInclude>
  </ItemGroup>
  <ItemGroup>
    <ClCompile Include="src\Jester\Application.cpp">
      <Filter>Jester</Filter>
    </ClCompile>
    <ClCompile Include="src\Jester\Log.cpp">
      <Filter>Jester</Filter>
    </ClCompile>
  </ItemGroup>
</Project>